[[package]]
name = "watchdog"
version = "2.1.3"
description = "Filesystem events monitoring"
category = "main"
optional = false
python-versions = ">=3.6"

[package.extras]
watchmedo = ["PyYAML (>=3.10)", "argh (>=0.24.1)"]

[metadata]
lock-version = "1.1"
python-versions = "^3.8"
content-hash = "08cb485eaa8541fd96a5dcfc41898dc3e7cf780825caa2ac752b7dcbed8aab29"

[metadata.files]
watchdog = [
    {file = "watchdog-2.1.3-cp36-cp36m-macosx_10_9_x86_64.whl", hash = "sha256:9628f3f85375a17614a2ab5eac7665f7f7be8b6b0a2a228e6f6a2e91dd4bfe26"},
    {file = "watchdog-2.1.3-cp37-cp37m-macosx_10_9_x86_64.whl", hash = "sha256:acc4e2d5be6f140f02ee8590e51c002829e2c33ee199036fcd61311d558d89f4"},
    {file = "watchdog-2.1.3-cp38-cp38-macosx_10_9_universal2.whl", hash = "sha256:85b851237cf3533fabbc034ffcd84d0fa52014b3121454e5f8b86974b531560c"},
    {file = "watchdog-2.1.3-cp38-cp38-macosx_10_9_x86_64.whl", hash = "sha256:a12539ecf2478a94e4ba4d13476bb2c7a2e0a2080af2bb37df84d88b1b01358a"},
    {file = "watchdog-2.1.3-cp38-cp38-macosx_11_0_arm64.whl", hash = "sha256:6fe9c8533e955c6589cfea6f3f0a1a95fb16867a211125236c82e1815932b5d7"},
    {file = "watchdog-2.1.3-cp39-cp39-macosx_10_9_universal2.whl", hash = "sha256:d9456f0433845e7153b102fffeb767bde2406b76042f2216838af3b21707894e"},
    {file = "watchdog-2.1.3-cp39-cp39-macosx_10_9_x86_64.whl", hash = "sha256:fd8c595d5a93abd441ee7c5bb3ff0d7170e79031520d113d6f401d0cf49d7c8f"},
    {file = "watchdog-2.1.3-cp39-cp39-macosx_11_0_arm64.whl", hash = "sha256:0bcfe904c7d404eb6905f7106c54873503b442e8e918cc226e1828f498bdc0ca"},
    {file = "watchdog-2.1.3-pp36-pypy36_pp73-macosx_10_9_x86_64.whl", hash = "sha256:bf84bd94cbaad8f6b9cbaeef43080920f4cb0e61ad90af7106b3de402f5fe127"},
    {file = "watchdog-2.1.3-pp37-pypy37_pp73-macosx_10_9_x86_64.whl", hash = "sha256:b8ddb2c9f92e0c686ea77341dcb58216fa5ff7d5f992c7278ee8a392a06e86bb"},
    {file = "watchdog-2.1.3-py3-none-manylinux2014_aarch64.whl", hash = "sha256:8805a5f468862daf1e4f4447b0ccf3acaff626eaa57fbb46d7960d1cf09f2e6d"},
    {file = "watchdog-2.1.3-py3-none-manylinux2014_armv7l.whl", hash = "sha256:3e305ea2757f81d8ebd8559d1a944ed83e3ab1bdf68bcf16ec851b97c08dc035"},
    {file = "watchdog-2.1.3-py3-none-manylinux2014_i686.whl", hash = "sha256:431a3ea70b20962e6dee65f0eeecd768cd3085ea613ccb9b53c8969de9f6ebd2"},
    {file = "watchdog-2.1.3-py3-none-manylinux2014_ppc64.whl", hash = "sha256:e4929ac2aaa2e4f1a30a36751160be391911da463a8799460340901517298b13"},
    {file = "watchdog-2.1.3-py3-none-manylinux2014_ppc64le.whl", hash = "sha256:201cadf0b8c11922f54ec97482f95b2aafca429c4c3a4bb869a14f3c20c32686"},
    {file = "watchdog-2.1.3-py3-none-manylinux2014_s390x.whl", hash = "sha256:3a7d242a7963174684206093846537220ee37ba9986b824a326a8bb4ef329a33"},
    {file = "watchdog-2.1.3-py3-none-manylinux2014_x86_64.whl", hash = "sha256:54e057727dd18bd01a3060dbf5104eb5a495ca26316487e0f32a394fd5fe725a"},
    {file = "watchdog-2.1.3-py3-none-win32.whl", hash = "sha256:b5fc5c127bad6983eecf1ad117ab3418949f18af9c8758bd10158be3647298a9"},
    {file = "watchdog-2.1.3-py3-none-win_amd64.whl", hash = "sha256:44acad6f642996a2b50bb9ce4fb3730dde08f23e79e20cd3d8e2a2076b730381"},
    {file = "watchdog-2.1.3-py3-none-win_ia64.whl", hash = "sha256:0bcdf7b99b56a3ae069866c33d247c9994ffde91b620eaf0306b27e099bd1ae0"},
    {file = "watchdog-2.1.3.tar.gz", hash = "sha256:e5236a8e8602ab6db4b873664c2d356c365ab3cac96fbdec4970ad616415dd45"},
]
